
Microsoft Visual Studio Solution File, Format Version 12.00
# Visual Studio 2013
VisualStudioVersion = 12.0.40629.0
MinimumVisualStudioVersion = 10.0.40219.1
Project("{2150E333-8FDC-42A3-9474-1A3956D46DE8}") = "0.開發說明", "0.開發說明", "{B7AFE1A6-0AFC-40CF-82C1-191B1A77D7C5}"
	ProjectSection(SolutionItems) = preProject
		專案環境建置.txt = 專案環境建置.txt
	EndProjectSection
EndProject
Project("{2150E333-8FDC-42A3-9474-1A3956D46DE8}") = "1. Presentation Layer", "1. Presentation Layer", "{067E4067-E6B4-4699-B0ED-F9AC755F5C8B}"
EndProject
Project("{FAE04EC0-301F-11D3-BF4B-00C04F79EFBC}") = "Backend", "Backend\Backend.csproj", "{FB57B70C-BB03-4CDE-96ED-2FABD0EAF594}"
EndProject
Project("{2150E333-8FDC-42A3-9474-1A3956D46DE8}") = "2. Business Logic Layer", "2. Business Logic Layer", "{4F23065E-3B91-4742-B704-C5FE9AF6EE52}"
EndProject
Project("{2150E333-8FDC-42A3-9474-1A3956D46DE8}") = "3. Model Layer", "3. Model Layer", "{4265C1B6-2703-4AAB-8B96-AB9FEE494429}"
EndProject
Project("{2150E333-8FDC-42A3-9474-1A3956D46DE8}") = "4. Cross Cutting Layer", "4. Cross Cutting Layer", "{CA6ABDB9-9D46-45FB-9D78-74EF64D8FB51}"
EndProject
Project("{FAE04EC0-301F-11D3-BF4B-00C04F79EFBC}") = "Utility.Extensions", "Utility.Extensions\Utility.Extensions.csproj", "{D9A5C1AA-503F-415C-BD3C-EA15B4BBC477}"
EndProject
Project("{FAE04EC0-301F-11D3-BF4B-00C04F79EFBC}") = "Dao", "Dao\Dao.csproj", "{CB57B3D9-3618-46EB-854C-0B07247C8DD5}"
EndProject
Project("{FAE04EC0-301F-11D3-BF4B-00C04F79EFBC}") = "BLL.Interfaces", "BLL.Interfaces\BLL.Interfaces.csproj", "{B9064DBE-CBDB-43D1-BBA7-2C1B78FFB0F7}"
EndProject
Project("{FAE04EC0-301F-11D3-BF4B-00C04F79EFBC}") = "BLL.Services", "BLL.Services\BLL.Services.csproj", "{DF39AB4E-3F55-4BA3-AACF-A78D72BF4306}"
EndProject
Project("{FAE04EC0-301F-11D3-BF4B-00C04F79EFBC}") = "BLL.Mappings", "BLL.Mappings\BLL.Mappings.csproj", "{FA0ABDB4-1A9A-46B7-9AEC-3915D3D9FB0B}"
EndProject
Project("{FAE04EC0-301F-11D3-BF4B-00C04F79EFBC}") = "BLL.Modules", "BLL.Modules\BLL.Modules.csproj", "{6B1C5AA4-9062-4086-9581-F7C9F3444DEF}"
EndProject
Project("{FAE04EC0-301F-11D3-BF4B-00C04F79EFBC}") = "Model", "Model\Model.csproj", "{C5313ADE-966C-4DE5-B33D-7B3BCA9ABDD5}"
EndProject
Project("{FAE04EC0-301F-11D3-BF4B-00C04F79EFBC}") = "Filter", "Filter\Filter.csproj", "{EEF7169D-5653-4A24-9FA1-6449D9B12E8E}"
EndProject
Global
	GlobalSection(SolutionConfigurationPlatforms) = preSolution
		Debug|Any CPU = Debug|Any CPU
		Release|Any CPU = Release|Any CPU
	EndGlobalSection
	GlobalSection(ProjectConfigurationPlatforms) = postSolution
		{FB57B70C-BB03-4CDE-96ED-2FABD0EAF594}.Debug|Any CPU.ActiveCfg = Debug|Any CPU
		{FB57B70C-BB03-4CDE-96ED-2FABD0EAF594}.Debug|Any CPU.Build.0 = Debug|Any CPU
		{FB57B70C-BB03-4CDE-96ED-2FABD0EAF594}.Release|Any CPU.ActiveCfg = Release|Any CPU
		{FB57B70C-BB03-4CDE-96ED-2FABD0EAF594}.Release|Any CPU.Build.0 = Release|Any CPU
		{D9A5C1AA-503F-415C-BD3C-EA15B4BBC477}.Debug|Any CPU.ActiveCfg = Debug|Any CPU
		{D9A5C1AA-503F-415C-BD3C-EA15B4BBC477}.Debug|Any CPU.Build.0 = Debug|Any CPU
		{D9A5C1AA-503F-415C-BD3C-EA15B4BBC477}.Release|Any CPU.ActiveCfg = Release|Any CPU
		{D9A5C1AA-503F-415C-BD3C-EA15B4BBC477}.Release|Any CPU.Build.0 = Release|Any CPU
		{CB57B3D9-3618-46EB-854C-0B07247C8DD5}.Debug|Any CPU.ActiveCfg = Debug|Any CPU
		{CB57B3D9-3618-46EB-854C-0B07247C8DD5}.Debug|Any CPU.Build.0 = Debug|Any CPU
		{CB57B3D9-3618-46EB-854C-0B07247C8DD5}.Release|Any CPU.ActiveCfg = Release|Any CPU
		{CB57B3D9-3618-46EB-854C-0B07247C8DD5}.Release|Any CPU.Build.0 = Release|Any CPU
		{B9064DBE-CBDB-43D1-BBA7-2C1B78FFB0F7}.Debug|Any CPU.ActiveCfg = Debug|Any CPU
		{B9064DBE-CBDB-43D1-BBA7-2C1B78FFB0F7}.Debug|Any CPU.Build.0 = Debug|Any CPU
		{B9064DBE-CBDB-43D1-BBA7-2C1B78FFB0F7}.Release|Any CPU.ActiveCfg = Release|Any CPU
		{B9064DBE-CBDB-43D1-BBA7-2C1B78FFB0F7}.Release|Any CPU.Build.0 = Release|Any CPU
		{DF39AB4E-3F55-4BA3-AACF-A78D72BF4306}.Debug|Any CPU.ActiveCfg = Debug|Any CPU
		{DF39AB4E-3F55-4BA3-AACF-A78D72BF4306}.Debug|Any CPU.Build.0 = Debug|Any CPU
		{DF39AB4E-3F55-4BA3-AACF-A78D72BF4306}.Release|Any CPU.ActiveCfg = Release|Any CPU
		{DF39AB4E-3F55-4BA3-AACF-A78D72BF4306}.Release|Any CPU.Build.0 = Release|Any CPU
		{FA0ABDB4-1A9A-46B7-9AEC-3915D3D9FB0B}.Debug|Any CPU.ActiveCfg = Debug|Any CPU
		{FA0ABDB4-1A9A-46B7-9AEC-3915D3D9FB0B}.Debug|Any CPU.Build.0 = Debug|Any CPU
		{FA0ABDB4-1A9A-46B7-9AEC-3915D3D9FB0B}.Release|Any CPU.ActiveCfg = Release|Any CPU
		{FA0ABDB4-1A9A-46B7-9AEC-3915D3D9FB0B}.Release|Any CPU.Build.0 = Release|Any CPU
		{6B1C5AA4-9062-4086-9581-F7C9F3444DEF}.Debug|Any CPU.ActiveCfg = Debug|Any CPU
		{6B1C5AA4-9062-4086-9581-F7C9F3444DEF}.Debug|Any CPU.Build.0 = Debug|Any CPU
		{6B1C5AA4-9062-4086-9581-F7C9F3444DEF}.Release|Any CPU.ActiveCfg = Release|Any CPU
		{6B1C5AA4-9062-4086-9581-F7C9F3444DEF}.Release|Any CPU.Build.0 = Release|Any CPU
		{C5313ADE-966C-4DE5-B33D-7B3BCA9ABDD5}.Debug|Any CPU.ActiveCfg = Debug|Any CPU
		{C5313ADE-966C-4DE5-B33D-7B3BCA9ABDD5}.Debug|Any CPU.Build.0 = Debug|Any CPU
		{C5313ADE-966C-4DE5-B33D-7B3BCA9ABDD5}.Release|Any CPU.ActiveCfg = Release|Any CPU
		{C5313ADE-966C-4DE5-B33D-7B3BCA9ABDD5}.Release|Any CPU.Build.0 = Release|Any CPU
		{EEF7169D-5653-4A24-9FA1-6449D9B12E8E}.Debug|Any CPU.ActiveCfg = Debug|Any CPU
		{EEF7169D-5653-4A24-9FA1-6449D9B12E8E}.Debug|Any CPU.Build.0 = Debug|Any CPU
		{EEF7169D-5653-4A24-9FA1-6449D9B12E8E}.Release|Any CPU.ActiveCfg = Release|Any CPU
		{EEF7169D-5653-4A24-9FA1-6449D9B12E8E}.Release|Any CPU.Build.0 = Release|Any CPU
	EndGlobalSection
	GlobalSection(SolutionProperties) = preSolution
		HideSolutionNode = FALSE
	EndGlobalSection
	GlobalSection(NestedProjects) = preSolution
		{FB57B70C-BB03-4CDE-96ED-2FABD0EAF594} = {067E4067-E6B4-4699-B0ED-F9AC755F5C8B}
		{D9A5C1AA-503F-415C-BD3C-EA15B4BBC477} = {CA6ABDB9-9D46-45FB-9D78-74EF64D8FB51}
		{CB57B3D9-3618-46EB-854C-0B07247C8DD5} = {4265C1B6-2703-4AAB-8B96-AB9FEE494429}
		{B9064DBE-CBDB-43D1-BBA7-2C1B78FFB0F7} = {4F23065E-3B91-4742-B704-C5FE9AF6EE52}
		{DF39AB4E-3F55-4BA3-AACF-A78D72BF4306} = {4F23065E-3B91-4742-B704-C5FE9AF6EE52}
		{FA0ABDB4-1A9A-46B7-9AEC-3915D3D9FB0B} = {4F23065E-3B91-4742-B704-C5FE9AF6EE52}
		{6B1C5AA4-9062-4086-9581-F7C9F3444DEF} = {4F23065E-3B91-4742-B704-C5FE9AF6EE52}
		{C5313ADE-966C-4DE5-B33D-7B3BCA9ABDD5} = {4265C1B6-2703-4AAB-8B96-AB9FEE494429}
		{EEF7169D-5653-4A24-9FA1-6449D9B12E8E} = {4265C1B6-2703-4AAB-8B96-AB9FEE494429}
	EndGlobalSection
EndGlobal
